
Microsoft Visual Studio Solution File, Format Version 12.00
Project("{FAE04EC0-301F-11D3-BF4B-00C04F79EFBC}") = "FluentValidation.Extensions.Brazil", "FluentValidation.Extensions.Brazil\FluentValidation.Extensions.Brazil.csproj", "{0F3D1B0E-8574-45F6-A5E4-D2EA620907FE}"
EndProject
Project("{FAE04EC0-301F-11D3-BF4B-00C04F79EFBC}") = "FluentValidation.Extenios.Brazil.Tests", "FluentValidation.Extenios.Brazil.Tests\FluentValidation.Extenios.Brazil.Tests.csproj", "{5EF46FFA-6634-492B-88F3-E9DC783508EF}"
EndProject
Global
	GlobalSection(SolutionConfigurationPlatforms) = preSolution
		Debug|Any CPU = Debug|Any CPU
		Release|Any CPU = Release|Any CPU
	EndGlobalSection
	GlobalSection(ProjectConfigurationPlatforms) = postSolution
		{0F3D1B0E-8574-45F6-A5E4-D2EA620907FE}.Debug|Any CPU.ActiveCfg = Debug|Any CPU
		{0F3D1B0E-8574-45F6-A5E4-D2EA620907FE}.Debug|Any CPU.Build.0 = Debug|Any CPU
		{0F3D1B0E-8574-45F6-A5E4-D2EA620907FE}.Release|Any CPU.ActiveCfg = Release|Any CPU
		{0F3D1B0E-8574-45F6-A5E4-D2EA620907FE}.Release|Any CPU.Build.0 = Release|Any CPU
		{5EF46FFA-6634-492B-88F3-E9DC783508EF}.Debug|Any CPU.ActiveCfg = Debug|Any CPU
		{5EF46FFA-6634-492B-88F3-E9DC783508EF}.Debug|Any CPU.Build.0 = Debug|Any CPU
		{5EF46FFA-6634-492B-88F3-E9DC783508EF}.Release|Any CPU.ActiveCfg = Release|Any CPU
		{5EF46FFA-6634-492B-88F3-E9DC783508EF}.Release|Any CPU.Build.0 = Release|Any CPU
	EndGlobalSection
EndGlobal
